
Microsoft Visual Studio Solution File, Format Version 12.00
# Visual Studio Version 17
VisualStudioVersion = 17.5.33516.290
MinimumVisualStudioVersion = 10.0.40219.1
Project("{9A19103F-16F7-4668-BE54-9A1E7A4F7556}") = "RecNForget", "RecNForget\RecNForget.csproj", "{82AC7D19-6718-4294-A099-DB75B5D5C277}"
EndProject
Project("{9A19103F-16F7-4668-BE54-9A1E7A4F7556}") = "RecNForget.Services.Contracts", "RecNForget.Services.Contracts\RecNForget.Services.Contracts.csproj", "{609BAAFB-F7B0-46B8-8F94-CEE436C44EEC}"
EndProject
Project("{9A19103F-16F7-4668-BE54-9A1E7A4F7556}") = "RecNForget.Help", "RecNForget.Help\RecNForget.Help.csproj", "{A05E7B79-2E82-411C-AF2B-6B1D0AC5BF6D}"
EndProject
Project("{9A19103F-16F7-4668-BE54-9A1E7A4F7556}") = "RecNForget.Services", "RecNForget.Services\RecNForget.Services.csproj", "{F4D352F4-C273-4120-8B99-5AC57FB2701B}"
EndProject
Project("{2150E333-8FDC-42A3-9474-1A3956D46DE8}") = "Solution Items", "Solution Items", "{9F3B29A4-7215-483A-8330-E003E0E13233}"
	ProjectSection(SolutionItems) = preProject
		COPYRIGHT.md = COPYRIGHT.md
		howto_create_installer_with_wix.txt = howto_create_installer_with_wix.txt
		howto_update_help.txt = howto_update_help.txt
		how_to_build.txt = how_to_build.txt
		LICENSE = LICENSE
		README.md = README.md
		Settings.StyleCop = Settings.StyleCop
		version.json = version.json
	EndProjectSection
EndProject
Project("{2150E333-8FDC-42A3-9474-1A3956D46DE8}") = "ContentHelpers", "ContentHelpers", "{CFBC7F46-F49D-405B-886F-C9B9BF02E00A}"
EndProject
Project("{9A19103F-16F7-4668-BE54-9A1E7A4F7556}") = "RecNForget.CopyRightHelper", "RecNForget.CopyRightHelper\RecNForget.CopyRightHelper.csproj", "{46E4435C-E370-4D49-A53E-F40C985F5A42}"
EndProject
Project("{9A19103F-16F7-4668-BE54-9A1E7A4F7556}") = "RecNForget.GithubHelpGenerator", "RecNForget.GithubHelpGenerator\RecNForget.GithubHelpGenerator.csproj", "{7D334049-3707-4D5B-966F-DB2048673F5E}"
EndProject
Project("{2150E333-8FDC-42A3-9474-1A3956D46DE8}") = "WPF Client Installer", "WPF Client Installer", "{ED5DE19C-E058-46F5-A63F-32FDAC2C5FFE}"
EndProject
Project("{9A19103F-16F7-4668-BE54-9A1E7A4F7556}") = "RecNForget.Controls", "RecNForget.Controls\RecNForget.Controls.csproj", "{E12379B8-B4E2-42C3-85EF-1C5BE82C4FAB}"
EndProject
Project("{930C7802-8A8C-48F9-8165-68863BCCD9DD}") = "RecNForget.Setup", "RecNForget.Setup\RecNForget.Setup.wixproj", "{0DE40921-5E11-499F-81AB-C28D267CF4A6}"
EndProject
Project("{2150E333-8FDC-42A3-9474-1A3956D46DE8}") = "WPF Client", "WPF Client", "{275532C5-1FE5-46CC-BADB-1FB9B0691311}"
EndProject
Project("{2150E333-8FDC-42A3-9474-1A3956D46DE8}") = "Services", "Services", "{435E82BA-8BEB-4D52-9A98-82F3C900D6CC}"
EndProject
Project("{9A19103F-16F7-4668-BE54-9A1E7A4F7556}") = "RecNForget.SimpleThemeGenerator", "RecNForget.SimpleThemeGenerator\RecNForget.SimpleThemeGenerator.csproj", "{706DD4EA-8565-4C1C-BEFD-27522272F040}"
EndProject
Project("{9A19103F-16F7-4668-BE54-9A1E7A4F7556}") = "RecNForget.WPF.Services.Contracts", "RecNForget.WPF.Services.Contracts\RecNForget.WPF.Services.Contracts.csproj", "{22B30F6D-D581-4C2A-B28A-877CEA8DDEA2}"
EndProject
Project("{2150E333-8FDC-42A3-9474-1A3956D46DE8}") = ".GithubWorkflows", ".GithubWorkflows", "{60148D35-1F5F-452D-BD81-1BEF8B7867EF}"
	ProjectSection(SolutionItems) = preProject
		.github\workflows\dotnet-release.yml = .github\workflows\dotnet-release.yml
		.github\workflows\testbuild.yml = .github\workflows\testbuild.yml
	EndProjectSection
EndProject
Global
	GlobalSection(SolutionConfigurationPlatforms) = preSolution
		Debug|Any CPU = Debug|Any CPU
		Debug|x86 = Debug|x86
		Release|Any CPU = Release|Any CPU
		Release|x86 = Release|x86
	EndGlobalSection
	GlobalSection(ProjectConfigurationPlatforms) = postSolution
		{82AC7D19-6718-4294-A099-DB75B5D5C277}.Debug|Any CPU.ActiveCfg = Debug|Any CPU
		{82AC7D19-6718-4294-A099-DB75B5D5C277}.Debug|Any CPU.Build.0 = Debug|Any CPU
		{82AC7D19-6718-4294-A099-DB75B5D5C277}.Debug|x86.ActiveCfg = Debug|Any CPU
		{82AC7D19-6718-4294-A099-DB75B5D5C277}.Debug|x86.Build.0 = Debug|Any CPU
		{82AC7D19-6718-4294-A099-DB75B5D5C277}.Release|Any CPU.ActiveCfg = Release|Any CPU
		{82AC7D19-6718-4294-A099-DB75B5D5C277}.Release|Any CPU.Build.0 = Release|Any CPU
		{82AC7D19-6718-4294-A099-DB75B5D5C277}.Release|x86.ActiveCfg = Release|Any CPU
		{82AC7D19-6718-4294-A099-DB75B5D5C277}.Release|x86.Build.0 = Release|Any CPU
		{609BAAFB-F7B0-46B8-8F94-CEE436C44EEC}.Debug|Any CPU.ActiveCfg = Debug|Any CPU
		{609BAAFB-F7B0-46B8-8F94-CEE436C44EEC}.Debug|Any CPU.Build.0 = Debug|Any CPU
		{609BAAFB-F7B0-46B8-8F94-CEE436C44EEC}.Debug|x86.ActiveCfg = Debug|Any CPU
		{609BAAFB-F7B0-46B8-8F94-CEE436C44EEC}.Debug|x86.Build.0 = Debug|Any CPU
		{609BAAFB-F7B0-46B8-8F94-CEE436C44EEC}.Release|Any CPU.ActiveCfg = Release|Any CPU
		{609BAAFB-F7B0-46B8-8F94-CEE436C44EEC}.Release|Any CPU.Build.0 = Release|Any CPU
		{609BAAFB-F7B0-46B8-8F94-CEE436C44EEC}.Release|x86.ActiveCfg = Release|Any CPU
		{609BAAFB-F7B0-46B8-8F94-CEE436C44EEC}.Release|x86.Build.0 = Release|Any CPU
		{A05E7B79-2E82-411C-AF2B-6B1D0AC5BF6D}.Debug|Any CPU.ActiveCfg = Debug|Any CPU
		{A05E7B79-2E82-411C-AF2B-6B1D0AC5BF6D}.Debug|Any CPU.Build.0 = Debug|Any CPU
		{A05E7B79-2E82-411C-AF2B-6B1D0AC5BF6D}.Debug|x86.ActiveCfg = Debug|Any CPU
		{A05E7B79-2E82-411C-AF2B-6B1D0AC5BF6D}.Debug|x86.Build.0 = Debug|Any CPU
		{A05E7B79-2E82-411C-AF2B-6B1D0AC5BF6D}.Release|Any CPU.ActiveCfg = Release|Any CPU
		{A05E7B79-2E82-411C-AF2B-6B1D0AC5BF6D}.Release|Any CPU.Build.0 = Release|Any CPU
		{A05E7B79-2E82-411C-AF2B-6B1D0AC5BF6D}.Release|x86.ActiveCfg = Release|Any CPU
		{A05E7B79-2E82-411C-AF2B-6B1D0AC5BF6D}.Release|x86.Build.0 = Release|Any CPU
		{F4D352F4-C273-4120-8B99-5AC57FB2701B}.Debug|Any CPU.ActiveCfg = Debug|Any CPU
		{F4D352F4-C273-4120-8B99-5AC57FB2701B}.Debug|Any CPU.Build.0 = Debug|Any CPU
		{F4D352F4-C273-4120-8B99-5AC57FB2701B}.Debug|x86.ActiveCfg = Debug|Any CPU
		{F4D352F4-C273-4120-8B99-5AC57FB2701B}.Debug|x86.Build.0 = Debug|Any CPU
		{F4D352F4-C273-4120-8B99-5AC57FB2701B}.Release|Any CPU.ActiveCfg = Release|Any CPU
		{F4D352F4-C273-4120-8B99-5AC57FB2701B}.Release|Any CPU.Build.0 = Release|Any CPU
		{F4D352F4-C273-4120-8B99-5AC57FB2701B}.Release|x86.ActiveCfg = Release|Any CPU
		{F4D352F4-C273-4120-8B99-5AC57FB2701B}.Release|x86.Build.0 = Release|Any CPU
		{46E4435C-E370-4D49-A53E-F40C985F5A42}.Debug|Any CPU.ActiveCfg = Debug|Any CPU
		{46E4435C-E370-4D49-A53E-F40C985F5A42}.Debug|Any CPU.Build.0 = Debug|Any CPU
		{46E4435C-E370-4D49-A53E-F40C985F5A42}.Debug|x86.ActiveCfg = Debug|Any CPU
		{46E4435C-E370-4D49-A53E-F40C985F5A42}.Debug|x86.Build.0 = Debug|Any CPU
		{46E4435C-E370-4D49-A53E-F40C985F5A42}.Release|Any CPU.ActiveCfg = Release|Any CPU
		{46E4435C-E370-4D49-A53E-F40C985F5A42}.Release|Any CPU.Build.0 = Release|Any CPU
		{46E4435C-E370-4D49-A53E-F40C985F5A42}.Release|x86.ActiveCfg = Release|Any CPU
		{46E4435C-E370-4D49-A53E-F40C985F5A42}.Release|x86.Build.0 = Release|Any CPU
		{7D334049-3707-4D5B-966F-DB2048673F5E}.Debug|Any CPU.ActiveCfg = Debug|Any CPU
		{7D334049-3707-4D5B-966F-DB2048673F5E}.Debug|Any CPU.Build.0 = Debug|Any CPU
		{7D334049-3707-4D5B-966F-DB2048673F5E}.Debug|x86.ActiveCfg = Debug|Any CPU
		{7D334049-3707-4D5B-966F-DB2048673F5E}.Debug|x86.Build.0 = Debug|Any CPU
		{7D334049-3707-4D5B-966F-DB2048673F5E}.Release|Any CPU.ActiveCfg = Release|Any CPU
		{7D334049-3707-4D5B-966F-DB2048673F5E}.Release|Any CPU.Build.0 = Release|Any CPU
		{7D334049-3707-4D5B-966F-DB2048673F5E}.Release|x86.ActiveCfg = Release|Any CPU
		{7D334049-3707-4D5B-966F-DB2048673F5E}.Release|x86.Build.0 = Release|Any CPU
		{E12379B8-B4E2-42C3-85EF-1C5BE82C4FAB}.Debug|Any CPU.ActiveCfg = Debug|Any CPU
		{E12379B8-B4E2-42C3-85EF-1C5BE82C4FAB}.Debug|Any CPU.Build.0 = Debug|Any CPU
		{E12379B8-B4E2-42C3-85EF-1C5BE82C4FAB}.Debug|x86.ActiveCfg = Debug|Any CPU
		{E12379B8-B4E2-42C3-85EF-1C5BE82C4FAB}.Debug|x86.Build.0 = Debug|Any CPU
		{E12379B8-B4E2-42C3-85EF-1C5BE82C4FAB}.Release|Any CPU.ActiveCfg = Release|Any CPU
		{E12379B8-B4E2-42C3-85EF-1C5BE82C4FAB}.Release|Any CPU.Build.0 = Release|Any CPU
		{E12379B8-B4E2-42C3-85EF-1C5BE82C4FAB}.Release|x86.ActiveCfg = Release|Any CPU
		{E12379B8-B4E2-42C3-85EF-1C5BE82C4FAB}.Release|x86.Build.0 = Release|Any CPU
		{0DE40921-5E11-499F-81AB-C28D267CF4A6}.Debug|Any CPU.ActiveCfg = Debug|x86
		{0DE40921-5E11-499F-81AB-C28D267CF4A6}.Debug|x86.ActiveCfg = Debug|x86
		{0DE40921-5E11-499F-81AB-C28D267CF4A6}.Debug|x86.Build.0 = Debug|x86
		{0DE40921-5E11-499F-81AB-C28D267CF4A6}.Release|Any CPU.ActiveCfg = Release|x86
		{0DE40921-5E11-499F-81AB-C28D267CF4A6}.Release|x86.ActiveCfg = Release|x86
		{0DE40921-5E11-499F-81AB-C28D267CF4A6}.Release|x86.Build.0 = Release|x86
		{706DD4EA-8565-4C1C-BEFD-27522272F040}.Debug|Any CPU.ActiveCfg = Debug|Any CPU
		{706DD4EA-8565-4C1C-BEFD-27522272F040}.Debug|Any CPU.Build.0 = Debug|Any CPU
		{706DD4EA-8565-4C1C-BEFD-27522272F040}.Debug|x86.ActiveCfg = Debug|Any CPU
		{706DD4EA-8565-4C1C-BEFD-27522272F040}.Debug|x86.Build.0 = Debug|Any CPU
		{706DD4EA-8565-4C1C-BEFD-27522272F040}.Release|Any CPU.ActiveCfg = Release|Any CPU
		{706DD4EA-8565-4C1C-BEFD-27522272F040}.Release|Any CPU.Build.0 = Release|Any CPU
		{706DD4EA-8565-4C1C-BEFD-27522272F040}.Release|x86.ActiveCfg = Release|Any CPU
		{706DD4EA-8565-4C1C-BEFD-27522272F040}.Release|x86.Build.0 = Release|Any CPU
		{22B30F6D-D581-4C2A-B28A-877CEA8DDEA2}.Debug|Any CPU.ActiveCfg = Debug|Any CPU
		{22B30F6D-D581-4C2A-B28A-877CEA8DDEA2}.Debug|Any CPU.Build.0 = Debug|Any CPU
		{22B30F6D-D581-4C2A-B28A-877CEA8DDEA2}.Debug|x86.ActiveCfg = Debug|Any CPU
		{22B30F6D-D581-4C2A-B28A-877CEA8DDEA2}.Debug|x86.Build.0 = Debug|Any CPU
		{22B30F6D-D581-4C2A-B28A-877CEA8DDEA2}.Release|Any CPU.ActiveCfg = Release|Any CPU
		{22B30F6D-D581-4C2A-B28A-877CEA8DDEA2}.Release|Any CPU.Build.0 = Release|Any CPU
		{22B30F6D-D581-4C2A-B28A-877CEA8DDEA2}.Release|x86.ActiveCfg = Release|Any CPU
		{22B30F6D-D581-4C2A-B28A-877CEA8DDEA2}.Release|x86.Build.0 = Release|Any CPU
	EndGlobalSection
	GlobalSection(SolutionProperties) = preSolution
		HideSolutionNode = FALSE
	EndGlobalSection
	GlobalSection(NestedProjects) = preSolution
		{82AC7D19-6718-4294-A099-DB75B5D5C277} = {275532C5-1FE5-46CC-BADB-1FB9B0691311}
		{609BAAFB-F7B0-46B8-8F94-CEE436C44EEC} = {435E82BA-8BEB-4D52-9A98-82F3C900D6CC}
		{F4D352F4-C273-4120-8B99-5AC57FB2701B} = {435E82BA-8BEB-4D52-9A98-82F3C900D6CC}
		{46E4435C-E370-4D49-A53E-F40C985F5A42} = {CFBC7F46-F49D-405B-886F-C9B9BF02E00A}
		{7D334049-3707-4D5B-966F-DB2048673F5E} = {CFBC7F46-F49D-405B-886F-C9B9BF02E00A}
		{ED5DE19C-E058-46F5-A63F-32FDAC2C5FFE} = {275532C5-1FE5-46CC-BADB-1FB9B0691311}
		{E12379B8-B4E2-42C3-85EF-1C5BE82C4FAB} = {275532C5-1FE5-46CC-BADB-1FB9B0691311}
		{0DE40921-5E11-499F-81AB-C28D267CF4A6} = {ED5DE19C-E058-46F5-A63F-32FDAC2C5FFE}
		{706DD4EA-8565-4C1C-BEFD-27522272F040} = {CFBC7F46-F49D-405B-886F-C9B9BF02E00A}
	EndGlobalSection
	GlobalSection(ExtensibilityGlobals) = postSolution
		SolutionGuid = {122FF43F-DAC2-4BC3-A98C-ADAD470C311D}
	EndGlobalSection
EndGlobal
